// !$*UTF8*$!
{
	archiveVersion = 1;
	classes = {
	};
	objectVersion = 46;
	objects = {

/* Begin PBXBuildFile section */
		047B0CD71BE29F5600F30F67 /* main.m in Sources */ = {isa = PBXBuildFile; fileRef = 047B0CD61BE29F5600F30F67 /* main.m */; };
		047B0CE11BE2A21E00F30F67 /* CashMachine.m in Sources */ = {isa = PBXBuildFile; fileRef = 047B0CE01BE2A21E00F30F67 /* CashMachine.m */; };
/* End PBXBuildFile section */

/* Begin PBXCopyFilesBuildPhase section */
		047B0CD11BE29F5500F30F67 /* CopyFiles */ = {
			isa = PBXCopyFilesBuildPhase;
			buildActionMask = 2147483647;
			dstPath = /usr/share/man/man1/;
			dstSubfolderSpec = 0;
			files = (
			);
			runOnlyForDeploymentPostprocessing = 1;
		};
/* End PBXCopyFilesBuildPhase section */

/* Begin PBXFileReference section */
		047B0CD31BE29F5600F30F67 /* CashConsole */ = {isa = PBXFileReference; explicitFileType = "compiled.mach-o.executable"; includeInIndex = 0; path = CashConsole; sourceTree = BUILT_PRODUCTS_DIR; };
		047B0CD61BE29F5600F30F67 /* main.m */ = {isa = PBXFileReference; lastKnownFileType = sourcecode.c.objc; path = main.m; sourceTree = "<group>"; };
		047B0CE01BE2A21E00F30F67 /* CashMachine.m */ = {isa = PBXFileReference; fileEncoding = 4; lastKnownFileType = sourcecode.c.objc; name = CashMachine.m; path = CashConsole/CashMachine.m; sourceTree = "<group>"; };
		047B0CE21BE2AA3500F30F67 /* CashMachine.h */ = {isa = PBXFileReference; fileEncoding = 4; lastKnownFileType = sourcecode.c.h; path = CashMachine.h; sourceTree = "<group>"; };
/* End PBXFileReference section */

/* Begin PBXFrameworksBuildPhase section */
		047B0CD01BE29F5500F30F67 /* Frameworks */ = {
			isa = PBXFrameworksBuildPhase;
			buildActionMask = 2147483647;
			files = (
			);
			runOnlyForDeploymentPostprocessing = 0;
		};
/* End PBXFrameworksBuildPhase section */

/* Begin PBXGroup section */
		047B0CCA1BE29F5400F30F67 = {
			isa = PBXGroup;
			children = (
				047B0CE21BE2AA3500F30F67 /* CashMachine.h */,
				047B0CE01BE2A21E00F30F67 /* CashMachine.m */,
				047B0CD51BE29F5600F30F67 /* CashConsole */,
				047B0CD41BE29F5600F30F67 /* Products */,
			);
			sourceTree = "<group>";
		};
		047B0CD41BE29F5600F30F67 /* Products */ = {
			isa = PBXGroup;
			children = (
				047B0CD31BE29F5600F30F67 /* CashConsole */,
			);
			name = Products;
			sourceTree = "<group>";
		};
		047B0CD51BE29F5600F30F67 /* CashConsole */ = {
			isa = PBXGroup;
			children = (
				047B0CD61BE29F5600F30F67 /* main.m */,
			);
			path = CashConsole;
			sourceTree = "<group>";
		};
/* End PBXGroup section */

/* Begin PBXNativeTarget section */
		047B0CD21BE29F5500F30F67 /* CashConsole */ = {
			isa = PBXNativeTarget;
			buildConfigurationList = 047B0CDA1BE29F5600F30F67 /* Build configuration list for PBXNativeTarget "CashConsole" */;
			buildPhases = (
				047B0CCF1BE29F5500F30F67 /* Sources */,
				047B0CD01BE29F5500F30F67 /* Frameworks */,
				047B0CD11BE29F5500F30F67 /* CopyFiles */,
			);
			buildRules = (
			);
			dependencies = (
			);
			name = CashConsole;
			productName = CashConsole;
			productReference = 047B0CD31BE29F5600F30F67 /* CashConsole */;
			productType = "com.apple.product-type.tool";
		};
/* End PBXNativeTarget section */

/* Begin PBXProject section */
		047B0CCB1BE29F5400F30F67 /* Project object */ = {
			isa = PBXProject;
			attributes = {
				LastUpgradeCheck = 0710;
				ORGANIZATIONNAME = popov;
				TargetAttributes = {
					047B0CD21BE29F5500F30F67 = {
						CreatedOnToolsVersion = 7.1;
					};
				};
			};
			buildConfigurationList = 047B0CCE1BE29F5400F30F67 /* Build configuration list for PBXProject "CashConsole" */;
			compatibilityVersion = "Xcode 3.2";
			developmentRegion = English;
			hasScannedForEncodings = 0;
			knownRegions = (
				en,
			);
			mainGroup = 047B0CCA1BE29F5400F30F67;
			productRefGroup = 047B0CD41BE29F5600F30F67 /* Products */;
			projectDirPath = "";
			projectRoot = "";
			targets = (
				047B0CD21BE29F5500F30F67 /* CashConsole */,
			);
		};
/* End PBXProject section */

/* Begin PBXSourcesBuildPhase section */
		047B0CCF1BE29F5500F30F67 /* Sources */ = {
			isa = PBXSourcesBuildPhase;
			buildActionMask = 2147483647;
			files = (
				047B0CE11BE2A21E00F30F67 /* CashMachine.m in Sources */,
				047B0CD71BE29F5600F30F67 /* main.m in Sources */,
			);
			runOnlyForDeploymentPostprocessing = 0;
		};
/* End PBXSourcesBuildPhase section */

/* Begin XCBuildConfiguration section */
		047B0CD81BE29F5600F30F67 /* Debug */ = {
			isa = XCBuildConfiguration;
			buildSettings = {
				ALWAYS_SEARCH_USER_PATHS = NO;
				CLANG_CXX_LANGUAGE_STANDARD = "gnu++0x";
				CLANG_CXX_LIBRARY = "libc++";
				CLANG_ENABLE_MODULES = YES;
				CLANG_ENABLE_OBJC_ARC = YES;
				CLANG_WARN_BOOL_CONVERSION = YES;
				CLANG_WARN_CONSTANT_CONVERSION = YES;
				CLANG_WARN_DIRECT_OBJC_ISA_USAGE = YES_ERROR;
				CLANG_WARN_EMPTY_BODY = YES;
				CLANG_WARN_ENUM_CONVERSION = YES;
				CLANG_WARN_INT_CONVERSION = YES;
				CLANG_WARN_OBJC_ROOT_CLASS = YES_ERROR;
				CLANG_WARN_UNREACHABLE_CODE = YES;
				CLANG_WARN__DUPLICATE_METHOD_MATCH = YES;
				CODE_SIGN_IDENTITY = "-";
				COPY_PHASE_STRIP = NO;
				DEBUG_INFORMATION_FORMAT = dwarf;
				ENABLE_STRICT_OBJC_MSGSEND = YES;
				ENABLE_TESTABILITY = YES;
				GCC_C_LANGUAGE_STANDARD = gnu99;
				GCC_DYNAMIC_NO_PIC = NO;
				GCC_NO_COMMON_BLOCKS = YES;
				GCC_OPTIMIZATION_LEVEL = 0;
				GCC_PREPROCESSOR_DEFINITIONS = (
					"DEBUG=1",
					"$(inherited)",
				);
				GCC_WARN_64_TO_32_BIT_CONVERSION = YES;
				GCC_WARN_ABOUT_RETURN_TYPE = YES_ERROR;
				GCC_WARN_UNDECLARED_SELECTOR = YES;
				GCC_WARN_UNINITIALIZED_AUTOS = YES_AGGRESSIVE;
				GCC_WARN_UNUSED_FUNCTION = YES;
				GCC_WARN_UNUSED_VARIABLE = YES;
				MACOSX_DEPLOYMENT_TARGET = 10.11;
				MTL_ENABLE_DEBUG_INFO = YES;
				ONLY_ACTIVE_ARCH = YES;
				SDKROOT = macosx;
			};
			name = Debug;
		};
		047B0CD91BE29F5600F30F67 /* Release */ = {
			isa = XCBuildConfiguration;
			buildSettings = {
				ALWAYS_SEARCH_USER_PATHS = NO;
				CLANG_CXX_LANGUAGE_STANDARD = "gnu++0x";
				CLANG_CXX_LIBRARY = "libc++";
				CLANG_ENABLE_MODULES = YES;
				CLANG_ENABLE_OBJC_ARC = YES;
				CLANG_WARN_BOOL_CONVERSION = YES;
				CLANG_WARN_CONSTANT_CONVERSION = YES;
				CLANG_WARN_DIRECT_OBJC_ISA_USAGE = YES_ERROR;
				CLANG_WARN_EMPTY_BODY = YES;
				CLANG_WARN_ENUM_CONVERSION = YES;
				CLANG_WARN_INT_CONVERSION = YES;
				CLANG_WARN_OBJC_ROOT_CLASS = YES_ERROR;
				CLANG_WARN_UNREACHABLE_CODE = YES;
				CLANG_WARN__DUPLICATE_METHOD_MATCH = YES;
				CODE_SIGN_IDENTITY = "-";
				COPY_PHASE_STRIP = NO;
				DEBUG_INFORMATION_FORMAT = "dwarf-with-dsym";
				ENABLE_NS_ASSERTIONS = NO;
				ENABLE_STRICT_OBJC_MSGSEND = YES;
				GCC_C_LANGUAGE_STANDARD = gnu99;
				GCC_NO_COMMON_BLOCKS = YES;
				GCC_WARN_64_TO_32_BIT_CONVERSION = YES;
				GCC_WARN_ABOUT_RETURN_TYPE = YES_ERROR;
				GCC_WARN_UNDECLARED_SELECTOR = YES;
				GCC_WARN_UNINITIALIZED_AUTOS = YES_AGGRESSIVE;
				GCC_WARN_UNUSED_FUNCTION = YES;
				GCC_WARN_UNUSED_VARIABLE = YES;
				MACOSX_DEPLOYMENT_TARGET = 10.11;
				MTL_ENABLE_DEBUG_INFO = NO;
				SDKROOT = macosx;
			};
			name = Release;
		};
		047B0CDB1BE29F5600F30F67 /* Debug */ = {
			isa = XCBuildConfiguration;
			buildSettings = {
				PRODUCT_NAME = "$(TARGET_NAME)";
			};
			name = Debug;
		};
		047B0CDC1BE29F5600F30F67 /* Release */ = {
			isa = XCBuildConfiguration;
			buildSettings = {
				PRODUCT_NAME = "$(TARGET_NAME)";
			};
			name = Release;
		};
/* End XCBuildConfiguration section */

/* Begin XCConfigurationList section */
		047B0CCE1BE29F5400F30F67 /* Build configuration list for PBXProject "CashConsole" */ = {
			isa = XCConfigurationList;
			buildConfigurations = (
				047B0CD81BE29F5600F30F67 /* Debug */,
				047B0CD91BE29F5600F30F67 /* Release */,
			);
			defaultConfigurationIsVisible = 0;
			defaultConfigurationName = Release;
		};
		047B0CDA1BE29F5600F30F67 /* Build configuration list for PBXNativeTarget "CashConsole" */ = {
			isa = XCConfigurationList;
			buildConfigurations = (
				047B0CDB1BE29F5600F30F67 /* Debug */,
				047B0CDC1BE29F5600F30F67 /* Release */,
			);
			defaultConfigurationIsVisible = 0;
		};
/* End XCConfigurationList section */
	};
	rootObject = 047B0CCB1BE29F5400F30F67 /* Project object */;
}
